{
  "version": "3",
  "packages": {
    "specifiers": {
      "jsr:@cliffy/ansi@1.0.0-rc.4": "jsr:@cliffy/ansi@1.0.0-rc.4",
      "jsr:@cliffy/ansi@^1.0.0-rc.4": "jsr:@cliffy/ansi@1.0.0-rc.4",
      "jsr:@cliffy/keycode@1.0.0-rc.4": "jsr:@cliffy/keycode@1.0.0-rc.4",
      "jsr:@cliffy/prompt@^1.0.0-rc.4": "jsr:@cliffy/prompt@1.0.0-rc.4",
      "jsr:@cliffy/table@^1.0.0-rc.4": "jsr:@cliffy/table@1.0.0-rc.4",
      "jsr:@std/assert@^0.221.0": "jsr:@std/assert@0.221.0",
      "jsr:@std/assert@^0.226.0": "jsr:@std/assert@0.226.0",
      "jsr:@std/cli@^0.224.6": "jsr:@std/cli@0.224.6",
      "jsr:@std/console@0.221": "jsr:@std/console@0.221.0",
      "jsr:@std/encoding@0.221": "jsr:@std/encoding@0.221.0",
      "jsr:@std/fmt@0.221": "jsr:@std/fmt@0.221.0",
      "jsr:@std/io@0.221": "jsr:@std/io@0.221.0",
      "jsr:@std/path@0.221": "jsr:@std/path@0.221.0",
      "jsr:@std/path@^0.225.2": "jsr:@std/path@0.225.2",
      "jsr:@std/text@0.221": "jsr:@std/text@0.221.0",
      "npm:floyd-warshall-shortest@1.0.2": "npm:floyd-warshall-shortest@1.0.2",
      "npm:ramda@^0.30.1": "npm:ramda@0.30.1"
    },
    "jsr": {
      "@cliffy/ansi@1.0.0-rc.4": {
        "integrity": "df561b6a69bb5177c31618c027274504ed24b996b854fa072eb7d0a380e41ac1",
        "dependencies": [
          "jsr:@std/encoding@0.221",
          "jsr:@std/fmt@0.221",
          "jsr:@std/io@0.221"
        ]
      },
      "@cliffy/keycode@1.0.0-rc.4": {
        "integrity": "872ee86f6a438dc2c532408e542ee97ed19c91aedb8374c2eddc6e02e83c8ce4"
      },
      "@cliffy/prompt@1.0.0-rc.4": {
        "integrity": "d5e52f2bc27040184f046e24af89262fbcbec0770cd528f6f11c58cebda28da9",
        "dependencies": [
          "jsr:@cliffy/ansi@1.0.0-rc.4",
          "jsr:@cliffy/keycode@1.0.0-rc.4",
          "jsr:@std/fmt@0.221",
          "jsr:@std/io@0.221",
          "jsr:@std/path@0.221",
          "jsr:@std/text@0.221"
        ]
      },
      "@cliffy/table@1.0.0-rc.4": {
        "integrity": "990e4e0b3910e6c9cf7a5b4318b8f5e121cf681494c94fd113febb9b4d4c0741",
        "dependencies": [
          "jsr:@std/console@0.221",
          "jsr:@std/fmt@0.221"
        ]
      },
      "@std/assert@0.221.0": {
        "integrity": "a5f1aa6e7909dbea271754fd4ab3f4e687aeff4873b4cef9a320af813adb489a"
      },
      "@std/assert@0.226.0": {
        "integrity": "0dfb5f7c7723c18cec118e080fec76ce15b4c31154b15ad2bd74822603ef75b3"
      },
      "@std/cli@0.224.6": {
        "integrity": "98d7e17a70c1c24980baa2b9a511b29e0a460e7a3b8e3d4e220979d77d5f348e"
      },
      "@std/console@0.221.0": {
        "integrity": "8f2afc1f3f14f5d6039c0c767f057e4aa1897d2210e167c4667cb155cafb9d11",
        "dependencies": [
          "jsr:@std/assert@^0.221.0"
        ]
      },
      "@std/encoding@0.221.0": {
        "integrity": "d1dd76ef0dc5d14088411e6dc1dede53bf8308c95d1537df1214c97137208e45"
      },
      "@std/fmt@0.221.0": {
        "integrity": "379fed69bdd9731110f26b9085aeb740606b20428ce6af31ef6bd45ef8efa62a"
      },
      "@std/io@0.221.0": {
        "integrity": "faf7f8700d46ab527fa05cc6167f4b97701a06c413024431c6b4d207caa010da"
      },
      "@std/path@0.221.0": {
        "integrity": "0a36f6b17314ef653a3a1649740cc8db51b25a133ecfe838f20b79a56ebe0095",
        "dependencies": [
          "jsr:@std/assert@^0.221.0"
        ]
      },
      "@std/path@0.225.2": {
        "integrity": "0f2db41d36b50ef048dcb0399aac720a5348638dd3cb5bf80685bf2a745aa506",
        "dependencies": [
          "jsr:@std/assert@^0.226.0"
        ]
      },
      "@std/text@0.221.0": {
        "integrity": "a2f89ceb0d8851cd33e6774064621a1da9fbc36578cf4f02c5b5bcd7e8c84b67"
      }
    },
    "npm": {
      "floyd-warshall-shortest@1.0.2": {
        "integrity": "sha512-yfeuNqpHTL8T8FQ93KucyVn4QeVYFapkpPgi3dP8XjAZBErWgWC4Zx7QyuBS8psT10j+hpZJUcQ0/olm8hdlYw==",
        "dependencies": {
          "permutation-sjt": "permutation-sjt@1.0.2"
        }
      },
      "permutation-sjt@1.0.2": {
        "integrity": "sha512-k/Duj/znqWDIgPfKdw7ml8hJxXiYS0scbwDCvS8T0FB54Koelo/NEGLYLGi1+Ti+s5vWHnyPNOLKMu8mqodc7g==",
        "dependencies": {}
      },
      "ramda@0.30.1": {
        "integrity": "sha512-tEF5I22zJnuclswcZMc8bDIrwRHRzf+NqVEmqg50ShAZMP7MWeR/RGDthfM/p+BlqvF2fXAzpn8i+SJcYD3alw==",
        "dependencies": {}
      }
    }
  },
  "redirects": {
    "https://deno.land/x/combinatorics/mod.ts": "https://deno.land/x/combinatorics@1.1.2/mod.ts",
    "https://deno.land/x/combinatorics@1.1.2/": "https://deno.land/x/combinatorics@1.1.2"
  },
  "remote": {
    "https://deno.land/x/combinatorics@1.1.2/cartesian_product.ts": "fe32b62f23352f07f0f6e5d01478255111434856a944be08d0b1f2029bcf9ed5",
    "https://deno.land/x/combinatorics@1.1.2/combinations.ts": "49b79a8323f19315a32f5026fa948012c07f9168cdc7e9b176f5e8677c0e2fa8",
    "https://deno.land/x/combinatorics@1.1.2/combinations_with_replacement.ts": "d14062f2cd407c2669af69c2df9c5f991e0bc3586c68948238ce2328cf49b707",
    "https://deno.land/x/combinatorics@1.1.2/mod.ts": "f33c6ce1342a7ea5ce35fd80be9e4b413c672c63cee0c25549c1aba6baec899d",
    "https://deno.land/x/combinatorics@1.1.2/permutations.ts": "b02b79a979cff9641e6986910475d77abf57b51079590c5f8bbd226ccc09a9a4",
    "https://deno.land/x/combinatorics@1.1.2/permutations_with_replacement.ts": "4a90c4d86818ff877208d1eb19df4c6203d485904457a2ee85eb5269221836ec",
    "https://deno.land/x/combinatorics@1.1.2/power_set.ts": "ea9b3d81cc87e1e37c81cfe71f2df8480d66352ec6d72dec47a14dea35bf6405"
  },
  "workspace": {
    "dependencies": [
      "jsr:@cliffy/ansi@^1.0.0-rc.4",
      "jsr:@cliffy/prompt@^1.0.0-rc.4",
      "jsr:@cliffy/table@^1.0.0-rc.4",
      "jsr:@std/cli@^0.224.6",
      "jsr:@std/flags@^0.224.0",
      "jsr:@std/path@^0.225.2",
      "jsr:@std/testing@^0.225.1",
      "npm:ramda@^0.30.1"
    ]
  }
}
